
Microsoft Visual Studio Solution File, Format Version 12.00
# Visual Studio 15
VisualStudioVersion = 15.0.27428.2002
MinimumVisualStudioVersion = 10.0.40219.1
Project("{FAE04EC0-301F-11D3-BF4B-00C04F79EFBC}") = "WindowsServiceTest", "WindowsServiceTest\WindowsServiceTest.csproj", "{CB93F498-68A5-42F6-860C-655D1409FA0D}"
EndProject
Project("{FAE04EC0-301F-11D3-BF4B-00C04F79EFBC}") = "MyWindowsService", "MyWindowsService\MyWindowsService.csproj", "{053C1A83-223C-4F7D-AB4B-8D0C1F3DC69F}"
EndProject
Project("{FAE04EC0-301F-11D3-BF4B-00C04F79EFBC}") = "WindowsServiceClient", "WindowsServiceClient\WindowsServiceClient.csproj", "{EA60F452-CA9A-4DCA-8CF3-31B303063D73}"
EndProject
Global
	GlobalSection(SolutionConfigurationPlatforms) = preSolution
		Debug|Any CPU = Debug|Any CPU
		Release|Any CPU = Release|Any CPU
	EndGlobalSection
	GlobalSection(ProjectConfigurationPlatforms) = postSolution
		{CB93F498-68A5-42F6-860C-655D1409FA0D}.Debug|Any CPU.ActiveCfg = Debug|Any CPU
		{CB93F498-68A5-42F6-860C-655D1409FA0D}.Debug|Any CPU.Build.0 = Debug|Any CPU
		{CB93F498-68A5-42F6-860C-655D1409FA0D}.Release|Any CPU.ActiveCfg = Release|Any CPU
		{CB93F498-68A5-42F6-860C-655D1409FA0D}.Release|Any CPU.Build.0 = Release|Any CPU
		{053C1A83-223C-4F7D-AB4B-8D0C1F3DC69F}.Debug|Any CPU.ActiveCfg = Debug|Any CPU
		{053C1A83-223C-4F7D-AB4B-8D0C1F3DC69F}.Debug|Any CPU.Build.0 = Debug|Any CPU
		{053C1A83-223C-4F7D-AB4B-8D0C1F3DC69F}.Release|Any CPU.ActiveCfg = Release|Any CPU
		{053C1A83-223C-4F7D-AB4B-8D0C1F3DC69F}.Release|Any CPU.Build.0 = Release|Any CPU
		{EA60F452-CA9A-4DCA-8CF3-31B303063D73}.Debug|Any CPU.ActiveCfg = Debug|Any CPU
		{EA60F452-CA9A-4DCA-8CF3-31B303063D73}.Debug|Any CPU.Build.0 = Debug|Any CPU
		{EA60F452-CA9A-4DCA-8CF3-31B303063D73}.Release|Any CPU.ActiveCfg = Release|Any CPU
		{EA60F452-CA9A-4DCA-8CF3-31B303063D73}.Release|Any CPU.Build.0 = Release|Any CPU
	EndGlobalSection
	GlobalSection(SolutionProperties) = preSolution
		HideSolutionNode = FALSE
	EndGlobalSection
	GlobalSection(ExtensibilityGlobals) = postSolution
		SolutionGuid = {A9DB32A5-A2A9-4631-AFDE-297438C09F2C}
	EndGlobalSection
EndGlobal
